# THIS IS AN AUTOGENERATED FILE. DO NOT EDIT THIS FILE DIRECTLY.
# yarn lockfile v1


hello-npm-eiei@^1.0.0:
  version "1.0.0"
  resolved "https://registry.yarnpkg.com/hello-npm-eiei/-/hello-npm-eiei-1.0.0.tgz#50bbe65d5e3d8053d80f870d5a43c1e2f6f61da8"
  dependencies:
    moment "^2.20.1"

moment@^2.20.1:
  version "2.20.1"
  resolved "https://registry.yarnpkg.com/moment/-/moment-2.20.1.tgz#d6eb1a46cbcc14a2b2f9434112c1ff8907f313fd"
