# THIS IS AN AUTOGENERATED FILE. DO NOT EDIT THIS FILE DIRECTLY.
# yarn lockfile v1


hello-npm-eiei@^1.0.1, hello-npm-eiei@^1.0.2:
  version "1.0.2"
  resolved "https://registry.yarnpkg.com/hello-npm-eiei/-/hello-npm-eiei-1.0.2.tgz#790ed094886ab64c83607584a6c89cdd1143ba4c"
  dependencies:
    hello-npm-eiei "^1.0.1"
    moment "^2.20.1"

moment@^2.20.1:
  version "2.20.1"
  resolved "https://registry.yarnpkg.com/moment/-/moment-2.20.1.tgz#d6eb1a46cbcc14a2b2f9434112c1ff8907f313fd"
